// !$*UTF8*$!
{
	archiveVersion = 1;
	classes = {
	};
	objectVersion = 55;
	objects = {

/* Begin PBXBuildFile section */
		400A994A280B34C800FF5897 /* MultiTabView.swift in Sources */ = {isa = PBXBuildFile; fileRef = 400A9949280B34C800FF5897 /* MultiTabView.swift */; };
		400A994C280B357A00FF5897 /* WebViewCode.swift in Sources */ = {isa = PBXBuildFile; fileRef = 400A994B280B357A00FF5897 /* WebViewCode.swift */; };
		400A994E280B3BA900FF5897 /* FormView.swift in Sources */ = {isa = PBXBuildFile; fileRef = 400A994D280B3BA800FF5897 /* FormView.swift */; };
		403396C827D6E5D800D88DE0 /* SkinDiseasesApp.swift in Sources */ = {isa = PBXBuildFile; fileRef = 403396C727D6E5D800D88DE0 /* SkinDiseasesApp.swift */; };
		403396CA27D6E5D900D88DE0 /* CallAIView.swift in Sources */ = {isa = PBXBuildFile; fileRef = 403396C927D6E5D900D88DE0 /* CallAIView.swift */; };
		403396CC27D6E5E100D88DE0 /* Assets.xcassets in Resources */ = {isa = PBXBuildFile; fileRef = 403396CB27D6E5E100D88DE0 /* Assets.xcassets */; };
		403396CF27D6E5E100D88DE0 /* Preview Assets.xcassets in Resources */ = {isa = PBXBuildFile; fileRef = 403396CE27D6E5E100D88DE0 /* Preview Assets.xcassets */; };
		403396D727D6E69000D88DE0 /* SwiftyJSON in Frameworks */ = {isa = PBXBuildFile; productRef = 403396D627D6E69000D88DE0 /* SwiftyJSON */; };
		403396DA27D6E6BD00D88DE0 /* Alamofire in Frameworks */ = {isa = PBXBuildFile; productRef = 403396D927D6E6BD00D88DE0 /* Alamofire */; };
/* End PBXBuildFile section */

/* Begin PBXFileReference section */
		400A9949280B34C800FF5897 /* MultiTabView.swift */ = {isa = PBXFileReference; lastKnownFileType = sourcecode.swift; path = MultiTabView.swift; sourceTree = "<group>"; };
		400A994B280B357A00FF5897 /* WebViewCode.swift */ = {isa = PBXFileReference; lastKnownFileType = sourcecode.swift; path = WebViewCode.swift; sourceTree = "<group>"; };
		400A994D280B3BA800FF5897 /* FormView.swift */ = {isa = PBXFileReference; lastKnownFileType = sourcecode.swift; path = FormView.swift; sourceTree = "<group>"; };
		403396C427D6E5D800D88DE0 /* SkinDiseases.app */ = {isa = PBXFileReference; explicitFileType = wrapper.application; includeInIndex = 0; path = SkinDiseases.app; sourceTree = BUILT_PRODUCTS_DIR; };
		403396C727D6E5D800D88DE0 /* SkinDiseasesApp.swift */ = {isa = PBXFileReference; lastKnownFileType = sourcecode.swift; path = SkinDiseasesApp.swift; sourceTree = "<group>"; };
		403396C927D6E5D900D88DE0 /* CallAIView.swift */ = {isa = PBXFileReference; lastKnownFileType = sourcecode.swift; path = CallAIView.swift; sourceTree = "<group>"; };
		403396CB27D6E5E100D88DE0 /* Assets.xcassets */ = {isa = PBXFileReference; lastKnownFileType = folder.assetcatalog; path = Assets.xcassets; sourceTree = "<group>"; };
		403396CE27D6E5E100D88DE0 /* Preview Assets.xcassets */ = {isa = PBXFileReference; lastKnownFileType = folder.assetcatalog; path = "Preview Assets.xcassets"; sourceTree = "<group>"; };
/* End PBXFileReference section */

/* Begin PBXFrameworksBuildPhase section */
		403396C127D6E5D800D88DE0 /* Frameworks */ = {
			isa = PBXFrameworksBuildPhase;
			buildActionMask = 2147483647;
			files = (
				403396D727D6E69000D88DE0 /* SwiftyJSON in Frameworks */,
				403396DA27D6E6BD00D88DE0 /* Alamofire in Frameworks */,
			);
			runOnlyForDeploymentPostprocessing = 0;
		};
/* End PBXFrameworksBuildPhase section */

/* Begin PBXGroup section */
		403396BB27D6E5D800D88DE0 = {
			isa = PBXGroup;
			children = (
				403396C627D6E5D800D88DE0 /* SkinDiseases */,
				403396C527D6E5D800D88DE0 /* Products */,
			);
			sourceTree = "<group>";
		};
		403396C527D6E5D800D88DE0 /* Products */ = {
			isa = PBXGroup;
			children = (
				403396C427D6E5D800D88DE0 /* SkinDiseases.app */,
			);
			name = Products;
			sourceTree = "<group>";
		};
		403396C627D6E5D800D88DE0 /* SkinDiseases */ = {
			isa = PBXGroup;
			children = (
				403396C727D6E5D800D88DE0 /* SkinDiseasesApp.swift */,
				403396C927D6E5D900D88DE0 /* CallAIView.swift */,
				400A9949280B34C800FF5897 /* MultiTabView.swift */,
				400A994D280B3BA800FF5897 /* FormView.swift */,
				400A994B280B357A00FF5897 /* WebViewCode.swift */,
				403396CB27D6E5E100D88DE0 /* Assets.xcassets */,
				403396CD27D6E5E100D88DE0 /* Preview Content */,
			);
			path = SkinDiseases;
			sourceTree = "<group>";
		};
		403396CD27D6E5E100D88DE0 /* Preview Content */ = {
			isa = PBXGroup;
			children = (
				403396CE27D6E5E100D88DE0 /* Preview Assets.xcassets */,
			);
			path = "Preview Content";
			sourceTree = "<group>";
		};
/* End PBXGroup section */

/* Begin PBXNativeTarget section */
		403396C327D6E5D800D88DE0 /* SkinDiseases */ = {
			isa = PBXNativeTarget;
			buildConfigurationList = 403396D227D6E5E100D88DE0 /* Build configuration list for PBXNativeTarget "SkinDiseases" */;
			buildPhases = (
				403396C027D6E5D800D88DE0 /* Sources */,
				403396C127D6E5D800D88DE0 /* Frameworks */,
				403396C227D6E5D800D88DE0 /* Resources */,
			);
			buildRules = (
			);
			dependencies = (
			);
			name = SkinDiseases;
			packageProductDependencies = (
				403396D627D6E69000D88DE0 /* SwiftyJSON */,
				403396D927D6E6BD00D88DE0 /* Alamofire */,
			);
			productName = SkinDiseases;
			productReference = 403396C427D6E5D800D88DE0 /* SkinDiseases.app */;
			productType = "com.apple.product-type.application";
		};
/* End PBXNativeTarget section */

/* Begin PBXProject section */
		403396BC27D6E5D800D88DE0 /* Project object */ = {
			isa = PBXProject;
			attributes = {
				BuildIndependentTargetsInParallel = 1;
				LastSwiftUpdateCheck = 1320;
				LastUpgradeCheck = 1320;
				TargetAttributes = {
					403396C327D6E5D800D88DE0 = {
						CreatedOnToolsVersion = 13.2.1;
					};
				};
			};
			buildConfigurationList = 403396BF27D6E5D800D88DE0 /* Build configuration list for PBXProject "SkinDiseases" */;
			compatibilityVersion = "Xcode 13.0";
			developmentRegion = en;
			hasScannedForEncodings = 0;
			knownRegions = (
				en,
				Base,
			);
			mainGroup = 403396BB27D6E5D800D88DE0;
			packageReferences = (
				403396D527D6E69000D88DE0 /* XCRemoteSwiftPackageReference "SwiftyJSON" */,
				403396D827D6E6BD00D88DE0 /* XCRemoteSwiftPackageReference "Alamofire" */,
			);
			productRefGroup = 403396C527D6E5D800D88DE0 /* Products */;
			projectDirPath = "";
			projectRoot = "";
			targets = (
				403396C327D6E5D800D88DE0 /* SkinDiseases */,
			);
		};
/* End PBXProject section */

/* Begin PBXResourcesBuildPhase section */
		403396C227D6E5D800D88DE0 /* Resources */ = {
			isa = PBXResourcesBuildPhase;
			buildActionMask = 2147483647;
			files = (
				403396CF27D6E5E100D88DE0 /* Preview Assets.xcassets in Resources */,
				403396CC27D6E5E100D88DE0 /* Assets.xcassets in Resources */,
			);
			runOnlyForDeploymentPostprocessing = 0;
		};
/* End PBXResourcesBuildPhase section */

/* Begin PBXSourcesBuildPhase section */
		403396C027D6E5D800D88DE0 /* Sources */ = {
			isa = PBXSourcesBuildPhase;
			buildActionMask = 2147483647;
			files = (
				400A994C280B357A00FF5897 /* WebViewCode.swift in Sources */,
				400A994A280B34C800FF5897 /* MultiTabView.swift in Sources */,
				400A994E280B3BA900FF5897 /* FormView.swift in Sources */,
				403396CA27D6E5D900D88DE0 /* CallAIView.swift in Sources */,
				403396C827D6E5D800D88DE0 /* SkinDiseasesApp.swift in Sources */,
			);
			runOnlyForDeploymentPostprocessing = 0;
		};
/* End PBXSourcesBuildPhase section */

/* Begin XCBuildConfiguration section */
		403396D027D6E5E100D88DE0 /* Debug */ = {
			isa = XCBuildConfiguration;
			buildSettings = {
				ALWAYS_SEARCH_USER_PATHS = NO;
				CLANG_ANALYZER_NONNULL = YES;
				CLANG_ANALYZER_NUMBER_OBJECT_CONVERSION = YES_AGGRESSIVE;
				CLANG_CXX_LANGUAGE_STANDARD = "gnu++17";
				CLANG_CXX_LIBRARY = "libc++";
				CLANG_ENABLE_MODULES = YES;
				CLANG_ENABLE_OBJC_ARC = YES;
				CLANG_ENABLE_OBJC_WEAK = YES;
				CLANG_WARN_BLOCK_CAPTURE_AUTORELEASING = YES;
				CLANG_WARN_BOOL_CONVERSION = YES;
				CLANG_WARN_COMMA = YES;
				CLANG_WARN_CONSTANT_CONVERSION = YES;
				CLANG_WARN_DEPRECATED_OBJC_IMPLEMENTATIONS = YES;
				CLANG_WARN_DIRECT_OBJC_ISA_USAGE = YES_ERROR;
				CLANG_WARN_DOCUMENTATION_COMMENTS = YES;
				CLANG_WARN_EMPTY_BODY = YES;
				CLANG_WARN_ENUM_CONVERSION = YES;
				CLANG_WARN_INFINITE_RECURSION = YES;
				CLANG_WARN_INT_CONVERSION = YES;
				CLANG_WARN_NON_LITERAL_NULL_CONVERSION = YES;
				CLANG_WARN_OBJC_IMPLICIT_RETAIN_SELF = YES;
				CLANG_WARN_OBJC_LITERAL_CONVERSION = YES;
				CLANG_WARN_OBJC_ROOT_CLASS = YES_ERROR;
				CLANG_WARN_QUOTED_INCLUDE_IN_FRAMEWORK_HEADER = YES;
				CLANG_WARN_RANGE_LOOP_ANALYSIS = YES;
				CLANG_WARN_STRICT_PROTOTYPES = YES;
				CLANG_WARN_SUSPICIOUS_MOVE = YES;
				CLANG_WARN_UNGUARDED_AVAILABILITY = YES_AGGRESSIVE;
				CLANG_WARN_UNREACHABLE_CODE = YES;
				CLANG_WARN__DUPLICATE_METHOD_MATCH = YES;
				COPY_PHASE_STRIP = NO;
				DEBUG_INFORMATION_FORMAT = dwarf;
				ENABLE_STRICT_OBJC_MSGSEND = YES;
				ENABLE_TESTABILITY = YES;
				GCC_C_LANGUAGE_STANDARD = gnu11;
				GCC_DYNAMIC_NO_PIC = NO;
				GCC_NO_COMMON_BLOCKS = YES;
				GCC_OPTIMIZATION_LEVEL = 0;
				GCC_PREPROCESSOR_DEFINITIONS = (
					"DEBUG=1",
					"$(inherited)",
				);
				GCC_WARN_64_TO_32_BIT_CONVERSION = YES;
				GCC_WARN_ABOUT_RETURN_TYPE = YES_ERROR;
				GCC_WARN_UNDECLARED_SELECTOR = YES;
				GCC_WARN_UNINITIALIZED_AUTOS = YES_AGGRESSIVE;
				GCC_WARN_UNUSED_FUNCTION = YES;
				GCC_WARN_UNUSED_VARIABLE = YES;
				IPHONEOS_DEPLOYMENT_TARGET = 15.2;
				MTL_ENABLE_DEBUG_INFO = INCLUDE_SOURCE;
				MTL_FAST_MATH = YES;
				ONLY_ACTIVE_ARCH = YES;
				SDKROOT = iphoneos;
				SWIFT_ACTIVE_COMPILATION_CONDITIONS = DEBUG;
				SWIFT_OPTIMIZATION_LEVEL = "-Onone";
			};
			name = Debug;
		};
		403396D127D6E5E100D88DE0 /* Release */ = {
			isa = XCBuildConfiguration;
			buildSettings = {
				ALWAYS_SEARCH_USER_PATHS = NO;
				CLANG_ANALYZER_NONNULL = YES;
				CLANG_ANALYZER_NUMBER_OBJECT_CONVERSION = YES_AGGRESSIVE;
				CLANG_CXX_LANGUAGE_STANDARD = "gnu++17";
				CLANG_CXX_LIBRARY = "libc++";
				CLANG_ENABLE_MODULES = YES;
				CLANG_ENABLE_OBJC_ARC = YES;
				CLANG_ENABLE_OBJC_WEAK = YES;
				CLANG_WARN_BLOCK_CAPTURE_AUTORELEASING = YES;
				CLANG_WARN_BOOL_CONVERSION = YES;
				CLANG_WARN_COMMA = YES;
				CLANG_WARN_CONSTANT_CONVERSION = YES;
				CLANG_WARN_DEPRECATED_OBJC_IMPLEMENTATIONS = YES;
				CLANG_WARN_DIRECT_OBJC_ISA_USAGE = YES_ERROR;
				CLANG_WARN_DOCUMENTATION_COMMENTS = YES;
				CLANG_WARN_EMPTY_BODY = YES;
				CLANG_WARN_ENUM_CONVERSION = YES;
				CLANG_WARN_INFINITE_RECURSION = YES;
				CLANG_WARN_INT_CONVERSION = YES;
				CLANG_WARN_NON_LITERAL_NULL_CONVERSION = YES;
				CLANG_WARN_OBJC_IMPLICIT_RETAIN_SELF = YES;
				CLANG_WARN_OBJC_LITERAL_CONVERSION = YES;
				CLANG_WARN_OBJC_ROOT_CLASS = YES_ERROR;
				CLANG_WARN_QUOTED_INCLUDE_IN_FRAMEWORK_HEADER = YES;
				CLANG_WARN_RANGE_LOOP_ANALYSIS = YES;
				CLANG_WARN_STRICT_PROTOTYPES = YES;
				CLANG_WARN_SUSPICIOUS_MOVE = YES;
				CLANG_WARN_UNGUARDED_AVAILABILITY = YES_AGGRESSIVE;
				CLANG_WARN_UNREACHABLE_CODE = YES;
				CLANG_WARN__DUPLICATE_METHOD_MATCH = YES;
				COPY_PHASE_STRIP = NO;
				DEBUG_INFORMATION_FORMAT = "dwarf-with-dsym";
				ENABLE_NS_ASSERTIONS = NO;
				ENABLE_STRICT_OBJC_MSGSEND = YES;
				GCC_C_LANGUAGE_STANDARD = gnu11;
				GCC_NO_COMMON_BLOCKS = YES;
				GCC_WARN_64_TO_32_BIT_CONVERSION = YES;
				GCC_WARN_ABOUT_RETURN_TYPE = YES_ERROR;
				GCC_WARN_UNDECLARED_SELECTOR = YES;
				GCC_WARN_UNINITIALIZED_AUTOS = YES_AGGRESSIVE;
				GCC_WARN_UNUSED_FUNCTION = YES;
				GCC_WARN_UNUSED_VARIABLE = YES;
				IPHONEOS_DEPLOYMENT_TARGET = 15.2;
				MTL_ENABLE_DEBUG_INFO = NO;
				MTL_FAST_MATH = YES;
				SDKROOT = iphoneos;
				SWIFT_COMPILATION_MODE = wholemodule;
				SWIFT_OPTIMIZATION_LEVEL = "-O";
				VALIDATE_PRODUCT = YES;
			};
			name = Release;
		};
		403396D327D6E5E100D88DE0 /* Debug */ = {
			isa = XCBuildConfiguration;
			buildSettings = {
				ASSETCATALOG_COMPILER_APPICON_NAME = AppIcon;
				ASSETCATALOG_COMPILER_GLOBAL_ACCENT_COLOR_NAME = AccentColor;
				CODE_SIGN_STYLE = Automatic;
				CURRENT_PROJECT_VERSION = 1;
				DEVELOPMENT_ASSET_PATHS = "\"SkinDiseases/Preview Content\"";
				DEVELOPMENT_TEAM = PUTG5X348Y;
				ENABLE_PREVIEWS = YES;
				GENERATE_INFOPLIST_FILE = YES;
				INFOPLIST_KEY_UIApplicationSceneManifest_Generation = YES;
				INFOPLIST_KEY_UIApplicationSupportsIndirectInputEvents = YES;
				INFOPLIST_KEY_UILaunchScreen_Generation = YES;
				INFOPLIST_KEY_UISupportedInterfaceOrientations_iPad = "UIInterfaceOrientationPortrait UIInterfaceOrientationPortraitUpsideDown UIInterfaceOrientationLandscapeLeft UIInterfaceOrientationLandscapeRight";
				INFOPLIST_KEY_UISupportedInterfaceOrientations_iPhone = "UIInterfaceOrientationPortrait UIInterfaceOrientationLandscapeLeft UIInterfaceOrientationLandscapeRight";
				LD_RUNPATH_SEARCH_PATHS = (
					"$(inherited)",
					"@executable_path/Frameworks",
				);
				MARKETING_VERSION = 1.0;
				PRODUCT_BUNDLE_IDENTIFIER = Pyxeda.SkinDiseases;
				PRODUCT_NAME = "$(TARGET_NAME)";
				SWIFT_EMIT_LOC_STRINGS = YES;
				SWIFT_VERSION = 5.0;
				TARGETED_DEVICE_FAMILY = "1,2";
			};
			name = Debug;
		};
		403396D427D6E5E100D88DE0 /* Release */ = {
			isa = XCBuildConfiguration;
			buildSettings = {
				ASSETCATALOG_COMPILER_APPICON_NAME = AppIcon;
				ASSETCATALOG_COMPILER_GLOBAL_ACCENT_COLOR_NAME = AccentColor;
				CODE_SIGN_STYLE = Automatic;
				CURRENT_PROJECT_VERSION = 1;
				DEVELOPMENT_ASSET_PATHS = "\"SkinDiseases/Preview Content\"";
				DEVELOPMENT_TEAM = PUTG5X348Y;
				ENABLE_PREVIEWS = YES;
				GENERATE_INFOPLIST_FILE = YES;
				INFOPLIST_KEY_UIApplicationSceneManifest_Generation = YES;
				INFOPLIST_KEY_UIApplicationSupportsIndirectInputEvents = YES;
				INFOPLIST_KEY_UILaunchScreen_Generation = YES;
				INFOPLIST_KEY_UISupportedInterfaceOrientations_iPad = "UIInterfaceOrientationPortrait UIInterfaceOrientationPortraitUpsideDown UIInterfaceOrientationLandscapeLeft UIInterfaceOrientationLandscapeRight";
				INFOPLIST_KEY_UISupportedInterfaceOrientations_iPhone = "UIInterfaceOrientationPortrait UIInterfaceOrientationLandscapeLeft UIInterfaceOrientationLandscapeRight";
				LD_RUNPATH_SEARCH_PATHS = (
					"$(inherited)",
					"@executable_path/Frameworks",
				);
				MARKETING_VERSION = 1.0;
				PRODUCT_BUNDLE_IDENTIFIER = Pyxeda.SkinDiseases;
				PRODUCT_NAME = "$(TARGET_NAME)";
				SWIFT_EMIT_LOC_STRINGS = YES;
				SWIFT_VERSION = 5.0;
				TARGETED_DEVICE_FAMILY = "1,2";
			};
			name = Release;
		};
/* End XCBuildConfiguration section */

/* Begin XCConfigurationList section */
		403396BF27D6E5D800D88DE0 /* Build configuration list for PBXProject "SkinDiseases" */ = {
			isa = XCConfigurationList;
			buildConfigurations = (
				403396D027D6E5E100D88DE0 /* Debug */,
				403396D127D6E5E100D88DE0 /* Release */,
			);
			defaultConfigurationIsVisible = 0;
			defaultConfigurationName = Release;
		};
		403396D227D6E5E100D88DE0 /* Build configuration list for PBXNativeTarget "SkinDiseases" */ = {
			isa = XCConfigurationList;
			buildConfigurations = (
				403396D327D6E5E100D88DE0 /* Debug */,
				403396D427D6E5E100D88DE0 /* Release */,
			);
			defaultConfigurationIsVisible = 0;
			defaultConfigurationName = Release;
		};
/* End XCConfigurationList section */

/* Begin XCRemoteSwiftPackageReference section */
		403396D527D6E69000D88DE0 /* XCRemoteSwiftPackageReference "SwiftyJSON" */ = {
			isa = XCRemoteSwiftPackageReference;
			repositoryURL = "https://github.com/SwiftyJSON/SwiftyJSON";
			requirement = {
				kind = upToNextMajorVersion;
				minimumVersion = 5.0.0;
			};
		};
		403396D827D6E6BD00D88DE0 /* XCRemoteSwiftPackageReference "Alamofire" */ = {
			isa = XCRemoteSwiftPackageReference;
			repositoryURL = "https://github.com/Alamofire/Alamofire";
			requirement = {
				kind = upToNextMajorVersion;
				minimumVersion = 5.0.0;
			};
		};
/* End XCRemoteSwiftPackageReference section */

/* Begin XCSwiftPackageProductDependency section */
		403396D627D6E69000D88DE0 /* SwiftyJSON */ = {
			isa = XCSwiftPackageProductDependency;
			package = 403396D527D6E69000D88DE0 /* XCRemoteSwiftPackageReference "SwiftyJSON" */;
			productName = SwiftyJSON;
		};
		403396D927D6E6BD00D88DE0 /* Alamofire */ = {
			isa = XCSwiftPackageProductDependency;
			package = 403396D827D6E6BD00D88DE0 /* XCRemoteSwiftPackageReference "Alamofire" */;
			productName = Alamofire;
		};
/* End XCSwiftPackageProductDependency section */
	};
	rootObject = 403396BC27D6E5D800D88DE0 /* Project object */;
}
